
Microsoft Visual Studio Solution File, Format Version 12.00
# Visual Studio Version 17
VisualStudioVersion = 17.7.34031.279
MinimumVisualStudioVersion = 10.0.40219.1
Project("{9A19103F-16F7-4668-BE54-9A1E7A4F7556}") = "Fast.Admin.Web", "Fast.Admin.Web\Fast.Admin.Web.csproj", "{9EB08B96-BE47-4F8D-B1C2-2969857504FF}"
EndProject
Project("{2150E333-8FDC-42A3-9474-1A3956D46DE8}") = "Core", "Core", "{FB202CF9-0DC4-4DC0-8AB8-74CD9C2D11A4}"
EndProject
Project("{9A19103F-16F7-4668-BE54-9A1E7A4F7556}") = "Fast.Admin.Core", "Core\Fast.Admin.Core\Fast.Admin.Core.csproj", "{DB7243EE-FC68-4800-A48C-D9048599F876}"
EndProject
Project("{9A19103F-16F7-4668-BE54-9A1E7A4F7556}") = "Fast.Admin.Core.Enum", "Core\Fast.Admin.Core.Enum\Fast.Admin.Core.Enum.csproj", "{A9F40A04-2CBB-46DA-BFC9-B2C646B50EF3}"
EndProject
Project("{9A19103F-16F7-4668-BE54-9A1E7A4F7556}") = "Fast.Admin.Core.Entity.System", "Core\Fast.Admin.Core.Entity.System\Fast.Admin.Core.Entity.System.csproj", "{FD9902A4-843E-4997-8C0F-7A043F5A090F}"
EndProject
Project("{9A19103F-16F7-4668-BE54-9A1E7A4F7556}") = "Fast.Admin.Core.Entity.Log", "Core\Fast.Admin.Core.Entity.Log\Fast.Admin.Core.Entity.Log.csproj", "{B285AB5E-B32E-486A-8549-865C4D70A79A}"
EndProject
Project("{2150E333-8FDC-42A3-9474-1A3956D46DE8}") = "Entity", "Entity", "{C49209DA-E3D2-4BD1-9895-36F8D76185C4}"
EndProject
Project("{9A19103F-16F7-4668-BE54-9A1E7A4F7556}") = "Fast.Admin.Entity.System", "Entity\Fast.Admin.Entity.System\Fast.Admin.Entity.System.csproj", "{7708EDAC-C110-4B1E-95C4-53724C15E3F5}"
EndProject
Project("{9A19103F-16F7-4668-BE54-9A1E7A4F7556}") = "Fast.Admin.Entity.Tenant", "Entity\Fast.Admin.Entity.Tenant\Fast.Admin.Entity.Tenant.csproj", "{86397E79-1544-41AA-89B0-9B0292FBB939}"
EndProject
Project("{2150E333-8FDC-42A3-9474-1A3956D46DE8}") = "Service", "Service", "{091FA43B-BD96-4BC3-BB6F-607023AD767D}"
EndProject
Project("{9A19103F-16F7-4668-BE54-9A1E7A4F7556}") = "Fast.Admin.Service.System", "Service\Fast.Admin.Service.System\Fast.Admin.Service.System.csproj", "{443B9940-0ECA-4E47-ABE7-724FAB9E98C3}"
EndProject
Project("{9A19103F-16F7-4668-BE54-9A1E7A4F7556}") = "Fast.Admin.Service.Authentication", "Service\Fast.Admin.Service.Authentication\Fast.Admin.Service.Authentication.csproj", "{50C18448-FC27-42E2-BBD3-1F8BF4C83800}"
EndProject
Project("{2150E333-8FDC-42A3-9474-1A3956D46DE8}") = "Application", "Application", "{36DABD09-A167-4CE7-A6C4-2F301D850E6D}"
EndProject
Project("{9A19103F-16F7-4668-BE54-9A1E7A4F7556}") = "Fast.Admin.Application.Authentication", "Application\Fast.Admin.Application.Authentication\Fast.Admin.Application.Authentication.csproj", "{8FA275E2-44FB-4C04-9ACB-D1245B707996}"
EndProject
Project("{FAE04EC0-301F-11D3-BF4B-00C04F79EFBC}") = "Fast.Admin.Service.Tenant", "Service\Fast.Admin.Service.Tenant\Fast.Admin.Service.Tenant.csproj", "{5AE8E394-92DA-4DFA-BFE6-F7C66AD84758}"
EndProject
Project("{FAE04EC0-301F-11D3-BF4B-00C04F79EFBC}") = "Fast.Admin.Application.Tenant", "Application\Fast.Admin.Application.Tenant\Fast.Admin.Application.Tenant.csproj", "{1CA622AA-56FF-43D3-BBC3-5BFD8C59A9B1}"
EndProject
Project("{FAE04EC0-301F-11D3-BF4B-00C04F79EFBC}") = "Fast.Admin.Application.System", "Application\Fast.Admin.Application.System\Fast.Admin.Application.System.csproj", "{A8CF4075-0145-4072-A2DC-D9A737C09203}"
EndProject
Global
	GlobalSection(SolutionConfigurationPlatforms) = preSolution
		Debug|Any CPU = Debug|Any CPU
		Release|Any CPU = Release|Any CPU
	EndGlobalSection
	GlobalSection(ProjectConfigurationPlatforms) = postSolution
		{9EB08B96-BE47-4F8D-B1C2-2969857504FF}.Debug|Any CPU.ActiveCfg = Debug|Any CPU
		{9EB08B96-BE47-4F8D-B1C2-2969857504FF}.Debug|Any CPU.Build.0 = Debug|Any CPU
		{9EB08B96-BE47-4F8D-B1C2-2969857504FF}.Release|Any CPU.ActiveCfg = Release|Any CPU
		{9EB08B96-BE47-4F8D-B1C2-2969857504FF}.Release|Any CPU.Build.0 = Release|Any CPU
		{DB7243EE-FC68-4800-A48C-D9048599F876}.Debug|Any CPU.ActiveCfg = Debug|Any CPU
		{DB7243EE-FC68-4800-A48C-D9048599F876}.Debug|Any CPU.Build.0 = Debug|Any CPU
		{DB7243EE-FC68-4800-A48C-D9048599F876}.Release|Any CPU.ActiveCfg = Release|Any CPU
		{DB7243EE-FC68-4800-A48C-D9048599F876}.Release|Any CPU.Build.0 = Release|Any CPU
		{A9F40A04-2CBB-46DA-BFC9-B2C646B50EF3}.Debug|Any CPU.ActiveCfg = Debug|Any CPU
		{A9F40A04-2CBB-46DA-BFC9-B2C646B50EF3}.Debug|Any CPU.Build.0 = Debug|Any CPU
		{A9F40A04-2CBB-46DA-BFC9-B2C646B50EF3}.Release|Any CPU.ActiveCfg = Release|Any CPU
		{A9F40A04-2CBB-46DA-BFC9-B2C646B50EF3}.Release|Any CPU.Build.0 = Release|Any CPU
		{FD9902A4-843E-4997-8C0F-7A043F5A090F}.Debug|Any CPU.ActiveCfg = Debug|Any CPU
		{FD9902A4-843E-4997-8C0F-7A043F5A090F}.Debug|Any CPU.Build.0 = Debug|Any CPU
		{FD9902A4-843E-4997-8C0F-7A043F5A090F}.Release|Any CPU.ActiveCfg = Release|Any CPU
		{FD9902A4-843E-4997-8C0F-7A043F5A090F}.Release|Any CPU.Build.0 = Release|Any CPU
		{B285AB5E-B32E-486A-8549-865C4D70A79A}.Debug|Any CPU.ActiveCfg = Debug|Any CPU
		{B285AB5E-B32E-486A-8549-865C4D70A79A}.Debug|Any CPU.Build.0 = Debug|Any CPU
		{B285AB5E-B32E-486A-8549-865C4D70A79A}.Release|Any CPU.ActiveCfg = Release|Any CPU
		{B285AB5E-B32E-486A-8549-865C4D70A79A}.Release|Any CPU.Build.0 = Release|Any CPU
		{7708EDAC-C110-4B1E-95C4-53724C15E3F5}.Debug|Any CPU.ActiveCfg = Debug|Any CPU
		{7708EDAC-C110-4B1E-95C4-53724C15E3F5}.Debug|Any CPU.Build.0 = Debug|Any CPU
		{7708EDAC-C110-4B1E-95C4-53724C15E3F5}.Release|Any CPU.ActiveCfg = Release|Any CPU
		{7708EDAC-C110-4B1E-95C4-53724C15E3F5}.Release|Any CPU.Build.0 = Release|Any CPU
		{86397E79-1544-41AA-89B0-9B0292FBB939}.Debug|Any CPU.ActiveCfg = Debug|Any CPU
		{86397E79-1544-41AA-89B0-9B0292FBB939}.Debug|Any CPU.Build.0 = Debug|Any CPU
		{86397E79-1544-41AA-89B0-9B0292FBB939}.Release|Any CPU.ActiveCfg = Release|Any CPU
		{86397E79-1544-41AA-89B0-9B0292FBB939}.Release|Any CPU.Build.0 = Release|Any CPU
		{443B9940-0ECA-4E47-ABE7-724FAB9E98C3}.Debug|Any CPU.ActiveCfg = Debug|Any CPU
		{443B9940-0ECA-4E47-ABE7-724FAB9E98C3}.Debug|Any CPU.Build.0 = Debug|Any CPU
		{443B9940-0ECA-4E47-ABE7-724FAB9E98C3}.Release|Any CPU.ActiveCfg = Release|Any CPU
		{443B9940-0ECA-4E47-ABE7-724FAB9E98C3}.Release|Any CPU.Build.0 = Release|Any CPU
		{50C18448-FC27-42E2-BBD3-1F8BF4C83800}.Debug|Any CPU.ActiveCfg = Debug|Any CPU
		{50C18448-FC27-42E2-BBD3-1F8BF4C83800}.Debug|Any CPU.Build.0 = Debug|Any CPU
		{50C18448-FC27-42E2-BBD3-1F8BF4C83800}.Release|Any CPU.ActiveCfg = Release|Any CPU
		{50C18448-FC27-42E2-BBD3-1F8BF4C83800}.Release|Any CPU.Build.0 = Release|Any CPU
		{8FA275E2-44FB-4C04-9ACB-D1245B707996}.Debug|Any CPU.ActiveCfg = Debug|Any CPU
		{8FA275E2-44FB-4C04-9ACB-D1245B707996}.Debug|Any CPU.Build.0 = Debug|Any CPU
		{8FA275E2-44FB-4C04-9ACB-D1245B707996}.Release|Any CPU.ActiveCfg = Release|Any CPU
		{8FA275E2-44FB-4C04-9ACB-D1245B707996}.Release|Any CPU.Build.0 = Release|Any CPU
		{5AE8E394-92DA-4DFA-BFE6-F7C66AD84758}.Debug|Any CPU.ActiveCfg = Debug|Any CPU
		{5AE8E394-92DA-4DFA-BFE6-F7C66AD84758}.Debug|Any CPU.Build.0 = Debug|Any CPU
		{5AE8E394-92DA-4DFA-BFE6-F7C66AD84758}.Release|Any CPU.ActiveCfg = Release|Any CPU
		{5AE8E394-92DA-4DFA-BFE6-F7C66AD84758}.Release|Any CPU.Build.0 = Release|Any CPU
		{1CA622AA-56FF-43D3-BBC3-5BFD8C59A9B1}.Debug|Any CPU.ActiveCfg = Debug|Any CPU
		{1CA622AA-56FF-43D3-BBC3-5BFD8C59A9B1}.Debug|Any CPU.Build.0 = Debug|Any CPU
		{1CA622AA-56FF-43D3-BBC3-5BFD8C59A9B1}.Release|Any CPU.ActiveCfg = Release|Any CPU
		{1CA622AA-56FF-43D3-BBC3-5BFD8C59A9B1}.Release|Any CPU.Build.0 = Release|Any CPU
		{A8CF4075-0145-4072-A2DC-D9A737C09203}.Debug|Any CPU.ActiveCfg = Debug|Any CPU
		{A8CF4075-0145-4072-A2DC-D9A737C09203}.Debug|Any CPU.Build.0 = Debug|Any CPU
		{A8CF4075-0145-4072-A2DC-D9A737C09203}.Release|Any CPU.ActiveCfg = Release|Any CPU
		{A8CF4075-0145-4072-A2DC-D9A737C09203}.Release|Any CPU.Build.0 = Release|Any CPU
	EndGlobalSection
	GlobalSection(SolutionProperties) = preSolution
		HideSolutionNode = FALSE
	EndGlobalSection
	GlobalSection(NestedProjects) = preSolution
		{DB7243EE-FC68-4800-A48C-D9048599F876} = {FB202CF9-0DC4-4DC0-8AB8-74CD9C2D11A4}
		{A9F40A04-2CBB-46DA-BFC9-B2C646B50EF3} = {FB202CF9-0DC4-4DC0-8AB8-74CD9C2D11A4}
		{FD9902A4-843E-4997-8C0F-7A043F5A090F} = {FB202CF9-0DC4-4DC0-8AB8-74CD9C2D11A4}
		{B285AB5E-B32E-486A-8549-865C4D70A79A} = {FB202CF9-0DC4-4DC0-8AB8-74CD9C2D11A4}
		{7708EDAC-C110-4B1E-95C4-53724C15E3F5} = {C49209DA-E3D2-4BD1-9895-36F8D76185C4}
		{86397E79-1544-41AA-89B0-9B0292FBB939} = {C49209DA-E3D2-4BD1-9895-36F8D76185C4}
		{443B9940-0ECA-4E47-ABE7-724FAB9E98C3} = {091FA43B-BD96-4BC3-BB6F-607023AD767D}
		{50C18448-FC27-42E2-BBD3-1F8BF4C83800} = {091FA43B-BD96-4BC3-BB6F-607023AD767D}
		{8FA275E2-44FB-4C04-9ACB-D1245B707996} = {36DABD09-A167-4CE7-A6C4-2F301D850E6D}
		{5AE8E394-92DA-4DFA-BFE6-F7C66AD84758} = {091FA43B-BD96-4BC3-BB6F-607023AD767D}
		{1CA622AA-56FF-43D3-BBC3-5BFD8C59A9B1} = {36DABD09-A167-4CE7-A6C4-2F301D850E6D}
		{A8CF4075-0145-4072-A2DC-D9A737C09203} = {36DABD09-A167-4CE7-A6C4-2F301D850E6D}
	EndGlobalSection
	GlobalSection(ExtensibilityGlobals) = postSolution
		SolutionGuid = {2C78EC27-DB50-4AA0-A0BD-F06383709F87}
	EndGlobalSection
EndGlobal
