
Microsoft Visual Studio Solution File, Format Version 12.00
# Visual Studio Version 17
VisualStudioVersion = 17.2.32616.157
MinimumVisualStudioVersion = 10.0.40219.1
Project("{2150E333-8FDC-42A3-9474-1A3956D46DE8}") = "Library", "Library", "{E3F0DB77-6EA6-4ABD-BBE4-186C936BDB38}"
EndProject
Project("{2150E333-8FDC-42A3-9474-1A3956D46DE8}") = "Tool", "Tool", "{CE52A48E-9CC0-40DF-84AD-7D25F154AC2E}"
EndProject
Project("{9A19103F-16F7-4668-BE54-9A1E7A4F7556}") = "Fast.Extensions", "Library\Tool\Fast.Extension\Fast.Extensions.csproj", "{F3DF5F27-4AD2-4011-9332-C798414CF270}"
EndProject
Project("{9A19103F-16F7-4668-BE54-9A1E7A4F7556}") = "Fast.Util", "Library\Tool\Fast.Util\Fast.Util.csproj", "{37038CEF-05A6-4DAE-968C-93763677453C}"
EndProject
Project("{2150E333-8FDC-42A3-9474-1A3956D46DE8}") = "Core", "Core", "{A57C51E7-2F83-4F3E-AD4D-C5D9AC46104D}"
EndProject
Project("{9A19103F-16F7-4668-BE54-9A1E7A4F7556}") = "Fast.Core", "Library\Core\Fast.Core\Fast.Core.csproj", "{90D05FF4-73F4-41C4-A9C9-FC895FC0CFCF}"
EndProject
Project("{2150E333-8FDC-42A3-9474-1A3956D46DE8}") = "Cache", "Cache", "{80D6515E-1322-455B-AD77-B530529DA358}"
EndProject
Project("{9A19103F-16F7-4668-BE54-9A1E7A4F7556}") = "Fast.Cache", "Library\Cache\Fast.Cache\Fast.Cache.csproj", "{BB648500-FA5D-4CAC-9078-754645799BBD}"
EndProject
Project("{2150E333-8FDC-42A3-9474-1A3956D46DE8}") = "Authentication", "Authentication", "{A4C66941-860D-4753-8348-968FCF699A91}"
EndProject
Project("{9A19103F-16F7-4668-BE54-9A1E7A4F7556}") = "Fast.Authentication", "Library\Authentication\Fast.Authentication\Fast.Authentication.csproj", "{BE1B7AAA-D95B-4435-B2F2-8BFF9A528B23}"
EndProject
Project("{2150E333-8FDC-42A3-9474-1A3956D46DE8}") = "Sugar", "Sugar", "{8DE47681-D131-4EFB-9EBB-7F3272EE1118}"
EndProject
Project("{9A19103F-16F7-4668-BE54-9A1E7A4F7556}") = "Fast.Sugar", "Library\Sugar\Fast.Sugar\Fast.Sugar.csproj", "{73C8A67C-8193-4FF0-87DA-3BE6726107DD}"
EndProject
Project("{2150E333-8FDC-42A3-9474-1A3956D46DE8}") = "Serialization", "Serialization", "{E16E97C8-B09A-452C-8C80-02AF452D0C7C}"
EndProject
Project("{9A19103F-16F7-4668-BE54-9A1E7A4F7556}") = "Fast.Serialization", "Library\Json\Fast.Json\Fast.Serialization.csproj", "{D97235DC-52BB-4D65-8795-D7E6E4642F71}"
EndProject
Project("{2150E333-8FDC-42A3-9474-1A3956D46DE8}") = "UAParser", "UAParser", "{32F77B15-6037-454E-8BB3-9DB001E2E1B1}"
EndProject
Project("{9A19103F-16F7-4668-BE54-9A1E7A4F7556}") = "Fast.UAParser", "Library\UAParser\Fast.UAParser\Fast.UAParser.csproj", "{BC4C480F-B122-48D3-80A9-A139154DE114}"
EndProject
Project("{2150E333-8FDC-42A3-9474-1A3956D46DE8}") = "Http", "Http", "{A8514104-23B8-4720-8208-183EA5ADB4B2}"
EndProject
Project("{9A19103F-16F7-4668-BE54-9A1E7A4F7556}") = "Fast.Http", "Library\Http\Fast.Http\Fast.Http.csproj", "{7632AFAE-6CE9-4DDE-83F3-8947B28DF7D5}"
EndProject
Project("{2150E333-8FDC-42A3-9474-1A3956D46DE8}") = "Mapster", "Mapster", "{DCE7FEEE-EDC6-4A0B-87E2-B8921F9CBFDE}"
EndProject
Project("{9A19103F-16F7-4668-BE54-9A1E7A4F7556}") = "Fast.Mapster", "Library\Mapster\Fast.Mapster\Fast.Mapster.csproj", "{DA9E8DDA-2FCC-4C97-8BCF-3B80FB5AD6FF}"
EndProject
Project("{2150E333-8FDC-42A3-9474-1A3956D46DE8}") = "EventBus", "EventBus", "{1EEC88B1-C117-472B-B12D-3948C07F2D56}"
EndProject
Project("{9A19103F-16F7-4668-BE54-9A1E7A4F7556}") = "Fast.EventBus", "Library\EventBus\Fast.EventBus\Fast.EventBus.csproj", "{5B29761C-9E42-4EC2-8D1A-21E66EF180B0}"
EndProject
Project("{2150E333-8FDC-42A3-9474-1A3956D46DE8}") = "Logging", "Logging", "{FFACFFA7-8A37-40B3-B45F-840C82B3E9EE}"
EndProject
Project("{9A19103F-16F7-4668-BE54-9A1E7A4F7556}") = "Fast.Logging", "Library\Logging\Fast.Logging\Fast.Logging.csproj", "{6038DB98-99BA-470A-9C39-43F6DCC4C221}"
EndProject
Project("{2150E333-8FDC-42A3-9474-1A3956D46DE8}") = "Fast.Admin", "Fast.Admin", "{AA83177E-5653-428B-B2C5-76F3FC923734}"
EndProject
Project("{2150E333-8FDC-42A3-9474-1A3956D46DE8}") = "Fast.Test", "Fast.Test", "{08B5ECBA-ACBB-4720-836A-34378B7E2A83}"
EndProject
Project("{9A19103F-16F7-4668-BE54-9A1E7A4F7556}") = "Fast.Test.Api", "Fast.Test\Fast.Test.Api\Fast.Test.Api.csproj", "{006FBEB2-15EE-4071-8E71-32CEFBAA5B62}"
EndProject
Global
	GlobalSection(SolutionConfigurationPlatforms) = preSolution
		Debug|Any CPU = Debug|Any CPU
		Release|Any CPU = Release|Any CPU
	EndGlobalSection
	GlobalSection(ProjectConfigurationPlatforms) = postSolution
		{F3DF5F27-4AD2-4011-9332-C798414CF270}.Debug|Any CPU.ActiveCfg = Debug|Any CPU
		{F3DF5F27-4AD2-4011-9332-C798414CF270}.Debug|Any CPU.Build.0 = Debug|Any CPU
		{F3DF5F27-4AD2-4011-9332-C798414CF270}.Release|Any CPU.ActiveCfg = Release|Any CPU
		{F3DF5F27-4AD2-4011-9332-C798414CF270}.Release|Any CPU.Build.0 = Release|Any CPU
		{37038CEF-05A6-4DAE-968C-93763677453C}.Debug|Any CPU.ActiveCfg = Debug|Any CPU
		{37038CEF-05A6-4DAE-968C-93763677453C}.Debug|Any CPU.Build.0 = Debug|Any CPU
		{37038CEF-05A6-4DAE-968C-93763677453C}.Release|Any CPU.ActiveCfg = Release|Any CPU
		{37038CEF-05A6-4DAE-968C-93763677453C}.Release|Any CPU.Build.0 = Release|Any CPU
		{90D05FF4-73F4-41C4-A9C9-FC895FC0CFCF}.Debug|Any CPU.ActiveCfg = Debug|Any CPU
		{90D05FF4-73F4-41C4-A9C9-FC895FC0CFCF}.Debug|Any CPU.Build.0 = Debug|Any CPU
		{90D05FF4-73F4-41C4-A9C9-FC895FC0CFCF}.Release|Any CPU.ActiveCfg = Release|Any CPU
		{90D05FF4-73F4-41C4-A9C9-FC895FC0CFCF}.Release|Any CPU.Build.0 = Release|Any CPU
		{BB648500-FA5D-4CAC-9078-754645799BBD}.Debug|Any CPU.ActiveCfg = Debug|Any CPU
		{BB648500-FA5D-4CAC-9078-754645799BBD}.Debug|Any CPU.Build.0 = Debug|Any CPU
		{BB648500-FA5D-4CAC-9078-754645799BBD}.Release|Any CPU.ActiveCfg = Release|Any CPU
		{BB648500-FA5D-4CAC-9078-754645799BBD}.Release|Any CPU.Build.0 = Release|Any CPU
		{BE1B7AAA-D95B-4435-B2F2-8BFF9A528B23}.Debug|Any CPU.ActiveCfg = Debug|Any CPU
		{BE1B7AAA-D95B-4435-B2F2-8BFF9A528B23}.Debug|Any CPU.Build.0 = Debug|Any CPU
		{BE1B7AAA-D95B-4435-B2F2-8BFF9A528B23}.Release|Any CPU.ActiveCfg = Release|Any CPU
		{BE1B7AAA-D95B-4435-B2F2-8BFF9A528B23}.Release|Any CPU.Build.0 = Release|Any CPU
		{73C8A67C-8193-4FF0-87DA-3BE6726107DD}.Debug|Any CPU.ActiveCfg = Debug|Any CPU
		{73C8A67C-8193-4FF0-87DA-3BE6726107DD}.Debug|Any CPU.Build.0 = Debug|Any CPU
		{73C8A67C-8193-4FF0-87DA-3BE6726107DD}.Release|Any CPU.ActiveCfg = Release|Any CPU
		{73C8A67C-8193-4FF0-87DA-3BE6726107DD}.Release|Any CPU.Build.0 = Release|Any CPU
		{D97235DC-52BB-4D65-8795-D7E6E4642F71}.Debug|Any CPU.ActiveCfg = Debug|Any CPU
		{D97235DC-52BB-4D65-8795-D7E6E4642F71}.Debug|Any CPU.Build.0 = Debug|Any CPU
		{D97235DC-52BB-4D65-8795-D7E6E4642F71}.Release|Any CPU.ActiveCfg = Release|Any CPU
		{D97235DC-52BB-4D65-8795-D7E6E4642F71}.Release|Any CPU.Build.0 = Release|Any CPU
		{BC4C480F-B122-48D3-80A9-A139154DE114}.Debug|Any CPU.ActiveCfg = Debug|Any CPU
		{BC4C480F-B122-48D3-80A9-A139154DE114}.Debug|Any CPU.Build.0 = Debug|Any CPU
		{BC4C480F-B122-48D3-80A9-A139154DE114}.Release|Any CPU.ActiveCfg = Release|Any CPU
		{BC4C480F-B122-48D3-80A9-A139154DE114}.Release|Any CPU.Build.0 = Release|Any CPU
		{7632AFAE-6CE9-4DDE-83F3-8947B28DF7D5}.Debug|Any CPU.ActiveCfg = Debug|Any CPU
		{7632AFAE-6CE9-4DDE-83F3-8947B28DF7D5}.Debug|Any CPU.Build.0 = Debug|Any CPU
		{7632AFAE-6CE9-4DDE-83F3-8947B28DF7D5}.Release|Any CPU.ActiveCfg = Release|Any CPU
		{7632AFAE-6CE9-4DDE-83F3-8947B28DF7D5}.Release|Any CPU.Build.0 = Release|Any CPU
		{DA9E8DDA-2FCC-4C97-8BCF-3B80FB5AD6FF}.Debug|Any CPU.ActiveCfg = Debug|Any CPU
		{DA9E8DDA-2FCC-4C97-8BCF-3B80FB5AD6FF}.Debug|Any CPU.Build.0 = Debug|Any CPU
		{DA9E8DDA-2FCC-4C97-8BCF-3B80FB5AD6FF}.Release|Any CPU.ActiveCfg = Release|Any CPU
		{DA9E8DDA-2FCC-4C97-8BCF-3B80FB5AD6FF}.Release|Any CPU.Build.0 = Release|Any CPU
		{5B29761C-9E42-4EC2-8D1A-21E66EF180B0}.Debug|Any CPU.ActiveCfg = Debug|Any CPU
		{5B29761C-9E42-4EC2-8D1A-21E66EF180B0}.Debug|Any CPU.Build.0 = Debug|Any CPU
		{5B29761C-9E42-4EC2-8D1A-21E66EF180B0}.Release|Any CPU.ActiveCfg = Release|Any CPU
		{5B29761C-9E42-4EC2-8D1A-21E66EF180B0}.Release|Any CPU.Build.0 = Release|Any CPU
		{6038DB98-99BA-470A-9C39-43F6DCC4C221}.Debug|Any CPU.ActiveCfg = Debug|Any CPU
		{6038DB98-99BA-470A-9C39-43F6DCC4C221}.Debug|Any CPU.Build.0 = Debug|Any CPU
		{6038DB98-99BA-470A-9C39-43F6DCC4C221}.Release|Any CPU.ActiveCfg = Release|Any CPU
		{6038DB98-99BA-470A-9C39-43F6DCC4C221}.Release|Any CPU.Build.0 = Release|Any CPU
		{006FBEB2-15EE-4071-8E71-32CEFBAA5B62}.Debug|Any CPU.ActiveCfg = Debug|Any CPU
		{006FBEB2-15EE-4071-8E71-32CEFBAA5B62}.Debug|Any CPU.Build.0 = Debug|Any CPU
		{006FBEB2-15EE-4071-8E71-32CEFBAA5B62}.Release|Any CPU.ActiveCfg = Release|Any CPU
		{006FBEB2-15EE-4071-8E71-32CEFBAA5B62}.Release|Any CPU.Build.0 = Release|Any CPU
	EndGlobalSection
	GlobalSection(SolutionProperties) = preSolution
		HideSolutionNode = FALSE
	EndGlobalSection
	GlobalSection(NestedProjects) = preSolution
		{CE52A48E-9CC0-40DF-84AD-7D25F154AC2E} = {E3F0DB77-6EA6-4ABD-BBE4-186C936BDB38}
		{F3DF5F27-4AD2-4011-9332-C798414CF270} = {CE52A48E-9CC0-40DF-84AD-7D25F154AC2E}
		{37038CEF-05A6-4DAE-968C-93763677453C} = {CE52A48E-9CC0-40DF-84AD-7D25F154AC2E}
		{A57C51E7-2F83-4F3E-AD4D-C5D9AC46104D} = {E3F0DB77-6EA6-4ABD-BBE4-186C936BDB38}
		{90D05FF4-73F4-41C4-A9C9-FC895FC0CFCF} = {A57C51E7-2F83-4F3E-AD4D-C5D9AC46104D}
		{80D6515E-1322-455B-AD77-B530529DA358} = {E3F0DB77-6EA6-4ABD-BBE4-186C936BDB38}
		{BB648500-FA5D-4CAC-9078-754645799BBD} = {80D6515E-1322-455B-AD77-B530529DA358}
		{A4C66941-860D-4753-8348-968FCF699A91} = {E3F0DB77-6EA6-4ABD-BBE4-186C936BDB38}
		{BE1B7AAA-D95B-4435-B2F2-8BFF9A528B23} = {A4C66941-860D-4753-8348-968FCF699A91}
		{8DE47681-D131-4EFB-9EBB-7F3272EE1118} = {E3F0DB77-6EA6-4ABD-BBE4-186C936BDB38}
		{73C8A67C-8193-4FF0-87DA-3BE6726107DD} = {8DE47681-D131-4EFB-9EBB-7F3272EE1118}
		{E16E97C8-B09A-452C-8C80-02AF452D0C7C} = {E3F0DB77-6EA6-4ABD-BBE4-186C936BDB38}
		{D97235DC-52BB-4D65-8795-D7E6E4642F71} = {E16E97C8-B09A-452C-8C80-02AF452D0C7C}
		{32F77B15-6037-454E-8BB3-9DB001E2E1B1} = {E3F0DB77-6EA6-4ABD-BBE4-186C936BDB38}
		{BC4C480F-B122-48D3-80A9-A139154DE114} = {32F77B15-6037-454E-8BB3-9DB001E2E1B1}
		{A8514104-23B8-4720-8208-183EA5ADB4B2} = {E3F0DB77-6EA6-4ABD-BBE4-186C936BDB38}
		{7632AFAE-6CE9-4DDE-83F3-8947B28DF7D5} = {A8514104-23B8-4720-8208-183EA5ADB4B2}
		{DCE7FEEE-EDC6-4A0B-87E2-B8921F9CBFDE} = {E3F0DB77-6EA6-4ABD-BBE4-186C936BDB38}
		{DA9E8DDA-2FCC-4C97-8BCF-3B80FB5AD6FF} = {DCE7FEEE-EDC6-4A0B-87E2-B8921F9CBFDE}
		{1EEC88B1-C117-472B-B12D-3948C07F2D56} = {E3F0DB77-6EA6-4ABD-BBE4-186C936BDB38}
		{5B29761C-9E42-4EC2-8D1A-21E66EF180B0} = {1EEC88B1-C117-472B-B12D-3948C07F2D56}
		{FFACFFA7-8A37-40B3-B45F-840C82B3E9EE} = {E3F0DB77-6EA6-4ABD-BBE4-186C936BDB38}
		{6038DB98-99BA-470A-9C39-43F6DCC4C221} = {FFACFFA7-8A37-40B3-B45F-840C82B3E9EE}
		{006FBEB2-15EE-4071-8E71-32CEFBAA5B62} = {08B5ECBA-ACBB-4720-836A-34378B7E2A83}
	EndGlobalSection
	GlobalSection(ExtensibilityGlobals) = postSolution
		SolutionGuid = {2E4261BB-E228-45EE-8B97-B915C19C8A4F}
	EndGlobalSection
EndGlobal
