
Microsoft Visual Studio Solution File, Format Version 12.00
# Visual Studio Version 17
VisualStudioVersion = 17.2.32616.157
MinimumVisualStudioVersion = 10.0.40219.1
Project("{9A19103F-16F7-4668-BE54-9A1E7A4F7556}") = "Fast.Web", "Fast.Web\Fast.Web.csproj", "{3A455085-466D-4D29-963B-F26ED63BB948}"
EndProject
Project("{9A19103F-16F7-4668-BE54-9A1E7A4F7556}") = "Fast.Core", "Fast.Core\Fast.Core.csproj", "{858860C2-F46E-41D0-A8CD-70D7BBFE1237}"
EndProject
Project("{9A19103F-16F7-4668-BE54-9A1E7A4F7556}") = "Fast.CodeFirst", "Fast.CodeFirst\Fast.CodeFirst.csproj", "{46BC8503-8031-4063-83B9-C2D6E8021EE3}"
EndProject
Project("{2150E333-8FDC-42A3-9474-1A3956D46DE8}") = "Fast.Admin", "Fast.Admin", "{75E52D8E-7D93-4D6E-BCE9-FF35C02969EB}"
EndProject
Project("{9A19103F-16F7-4668-BE54-9A1E7A4F7556}") = "Fast.Admin.Service", "Fast.Admin\Fast.Admin.Service\Fast.Admin.Service.csproj", "{BE44A7BB-4F24-4263-B7C4-077AB6D32A12}"
EndProject
Project("{9A19103F-16F7-4668-BE54-9A1E7A4F7556}") = "Fast.Admin.Application", "Fast.Admin\Fast.Admin.Application\Fast.Admin.Application.csproj", "{3D0854A7-A2DC-4C06-9FE8-257AD8F00DD2}"
EndProject
Project("{9A19103F-16F7-4668-BE54-9A1E7A4F7556}") = "Fast.Scheduler", "Fast.Scheduler\Fast.Scheduler.csproj", "{94F0C64A-26B3-4717-9AFF-1E197518932F}"
EndProject
Project("{9A19103F-16F7-4668-BE54-9A1E7A4F7556}") = "Fast.Application", "Fast.Application\Fast.Application.csproj", "{6AFF9DB0-09ED-463A-A76C-A0264246AB30}"
EndProject
Project("{9A19103F-16F7-4668-BE54-9A1E7A4F7556}") = "Fast.Model", "Fast.Model\Fast.Model.csproj", "{C973229E-4D0B-4AA9-91C6-3E2D459C82E3}"
EndProject
Project("{2150E333-8FDC-42A3-9474-1A3956D46DE8}") = "Fast.Ocelot", "Fast.Ocelot", "{2599641C-8EA3-41F9-8687-7DAA8D4AD5DA}"
EndProject
Project("{9A19103F-16F7-4668-BE54-9A1E7A4F7556}") = "Fast.Ocelot.Model", "Fast.Ocelot\Fast.Ocelot.Model\Fast.Ocelot.Model.csproj", "{FC75FA00-B90D-4DAF-8A8C-0A0C652C10A2}"
EndProject
Project("{9A19103F-16F7-4668-BE54-9A1E7A4F7556}") = "Fast.Ocelot.Service", "Fast.Ocelot\Fast.Ocelot.Service\Fast.Ocelot.Service.csproj", "{0AA2BA69-B547-4886-A776-B6C52A87BE9B}"
EndProject
Project("{9A19103F-16F7-4668-BE54-9A1E7A4F7556}") = "Fast.Ocelot.Application", "Fast.Ocelot\Fast.Ocelot.Application\Fast.Ocelot.Application.csproj", "{E007527A-B745-46C8-85DF-DC0DD97D238D}"
EndProject
Project("{9A19103F-16F7-4668-BE54-9A1E7A4F7556}") = "Fast.Ocelot.Web", "Fast.Ocelot\Fast.Ocelot.Web\Fast.Ocelot.Web.csproj", "{ADD5F86F-D3E9-4A79-BF5B-C98665BD5C15}"
EndProject
Project("{2150E333-8FDC-42A3-9474-1A3956D46DE8}") = "Fast.Message", "Fast.Message", "{40BF65D3-F94E-45AB-A9C4-5FB03FADDCEB}"
EndProject
Project("{9A19103F-16F7-4668-BE54-9A1E7A4F7556}") = "Fast.MessageCenter.IService", "Fast.Message\Fast.MessageCenter.IService\Fast.MessageCenter.IService.csproj", "{2B905B2B-7B60-4289-A6A1-CD748F3CB320}"
EndProject
Project("{2150E333-8FDC-42A3-9474-1A3956D46DE8}") = "Fast.SDK", "Fast.SDK", "{7A5A13D7-6AAB-4076-97D1-6FB21E045615}"
EndProject
Project("{2150E333-8FDC-42A3-9474-1A3956D46DE8}") = "Fast.RabbitMQ", "Fast.RabbitMQ", "{072F12B0-81A4-4BC9-940C-FFAA16E179B2}"
EndProject
Project("{9A19103F-16F7-4668-BE54-9A1E7A4F7556}") = "Fast.RabbitMQ.IService", "Fast.SDK\Fast.RabbitMQ\Fast.RabbitMQ.IService\Fast.RabbitMQ.IService.csproj", "{5F2BFD98-FB56-452F-909D-0D77F7ECFC71}"
EndProject
Project("{2150E333-8FDC-42A3-9474-1A3956D46DE8}") = "Fast.Aliyun", "Fast.Aliyun", "{3125B5D6-FE54-4E26-B8BC-F3DC3985DFFA}"
EndProject
Project("{9A19103F-16F7-4668-BE54-9A1E7A4F7556}") = "Fast.Aliyun.Core", "Fast.SDK\Fast.Aliyun\Fast.Aliyun.Core\Fast.Aliyun.Core.csproj", "{7D3E7E76-151E-4282-AAA9-D60C52D7B5B8}"
EndProject
Project("{9A19103F-16F7-4668-BE54-9A1E7A4F7556}") = "Fast.SDK.Common", "Fast.SDK\Fast.SDK.Common\Fast.SDK.Common.csproj", "{0893FD9C-5B51-4BCA-9120-46A95A03ACA9}"
EndProject
Project("{2150E333-8FDC-42A3-9474-1A3956D46DE8}") = "Fast.Cache", "Fast.Cache", "{04CC39D3-585C-4ED7-A0EB-1D0E67DEE16A}"
EndProject
Project("{FAE04EC0-301F-11D3-BF4B-00C04F79EFBC}") = "Fast.Cache.Service", "Fast.SDK\Fast.Cache\Fast.Cache.Service\Fast.Cache.Service.csproj", "{AB00EC33-D82F-454B-8A1E-4DACC7347947}"
EndProject
Global
	GlobalSection(SolutionConfigurationPlatforms) = preSolution
		Debug|Any CPU = Debug|Any CPU
		Release|Any CPU = Release|Any CPU
	EndGlobalSection
	GlobalSection(ProjectConfigurationPlatforms) = postSolution
		{3A455085-466D-4D29-963B-F26ED63BB948}.Debug|Any CPU.ActiveCfg = Debug|Any CPU
		{3A455085-466D-4D29-963B-F26ED63BB948}.Debug|Any CPU.Build.0 = Debug|Any CPU
		{3A455085-466D-4D29-963B-F26ED63BB948}.Release|Any CPU.ActiveCfg = Release|Any CPU
		{3A455085-466D-4D29-963B-F26ED63BB948}.Release|Any CPU.Build.0 = Release|Any CPU
		{858860C2-F46E-41D0-A8CD-70D7BBFE1237}.Debug|Any CPU.ActiveCfg = Debug|Any CPU
		{858860C2-F46E-41D0-A8CD-70D7BBFE1237}.Debug|Any CPU.Build.0 = Debug|Any CPU
		{858860C2-F46E-41D0-A8CD-70D7BBFE1237}.Release|Any CPU.ActiveCfg = Release|Any CPU
		{858860C2-F46E-41D0-A8CD-70D7BBFE1237}.Release|Any CPU.Build.0 = Release|Any CPU
		{46BC8503-8031-4063-83B9-C2D6E8021EE3}.Debug|Any CPU.ActiveCfg = Debug|Any CPU
		{46BC8503-8031-4063-83B9-C2D6E8021EE3}.Debug|Any CPU.Build.0 = Debug|Any CPU
		{46BC8503-8031-4063-83B9-C2D6E8021EE3}.Release|Any CPU.ActiveCfg = Release|Any CPU
		{46BC8503-8031-4063-83B9-C2D6E8021EE3}.Release|Any CPU.Build.0 = Release|Any CPU
		{BE44A7BB-4F24-4263-B7C4-077AB6D32A12}.Debug|Any CPU.ActiveCfg = Debug|Any CPU
		{BE44A7BB-4F24-4263-B7C4-077AB6D32A12}.Debug|Any CPU.Build.0 = Debug|Any CPU
		{BE44A7BB-4F24-4263-B7C4-077AB6D32A12}.Release|Any CPU.ActiveCfg = Release|Any CPU
		{BE44A7BB-4F24-4263-B7C4-077AB6D32A12}.Release|Any CPU.Build.0 = Release|Any CPU
		{3D0854A7-A2DC-4C06-9FE8-257AD8F00DD2}.Debug|Any CPU.ActiveCfg = Debug|Any CPU
		{3D0854A7-A2DC-4C06-9FE8-257AD8F00DD2}.Debug|Any CPU.Build.0 = Debug|Any CPU
		{3D0854A7-A2DC-4C06-9FE8-257AD8F00DD2}.Release|Any CPU.ActiveCfg = Release|Any CPU
		{3D0854A7-A2DC-4C06-9FE8-257AD8F00DD2}.Release|Any CPU.Build.0 = Release|Any CPU
		{94F0C64A-26B3-4717-9AFF-1E197518932F}.Debug|Any CPU.ActiveCfg = Debug|Any CPU
		{94F0C64A-26B3-4717-9AFF-1E197518932F}.Debug|Any CPU.Build.0 = Debug|Any CPU
		{94F0C64A-26B3-4717-9AFF-1E197518932F}.Release|Any CPU.ActiveCfg = Release|Any CPU
		{94F0C64A-26B3-4717-9AFF-1E197518932F}.Release|Any CPU.Build.0 = Release|Any CPU
		{6AFF9DB0-09ED-463A-A76C-A0264246AB30}.Debug|Any CPU.ActiveCfg = Debug|Any CPU
		{6AFF9DB0-09ED-463A-A76C-A0264246AB30}.Debug|Any CPU.Build.0 = Debug|Any CPU
		{6AFF9DB0-09ED-463A-A76C-A0264246AB30}.Release|Any CPU.ActiveCfg = Release|Any CPU
		{6AFF9DB0-09ED-463A-A76C-A0264246AB30}.Release|Any CPU.Build.0 = Release|Any CPU
		{C973229E-4D0B-4AA9-91C6-3E2D459C82E3}.Debug|Any CPU.ActiveCfg = Debug|Any CPU
		{C973229E-4D0B-4AA9-91C6-3E2D459C82E3}.Debug|Any CPU.Build.0 = Debug|Any CPU
		{C973229E-4D0B-4AA9-91C6-3E2D459C82E3}.Release|Any CPU.ActiveCfg = Release|Any CPU
		{C973229E-4D0B-4AA9-91C6-3E2D459C82E3}.Release|Any CPU.Build.0 = Release|Any CPU
		{FC75FA00-B90D-4DAF-8A8C-0A0C652C10A2}.Debug|Any CPU.ActiveCfg = Debug|Any CPU
		{FC75FA00-B90D-4DAF-8A8C-0A0C652C10A2}.Debug|Any CPU.Build.0 = Debug|Any CPU
		{FC75FA00-B90D-4DAF-8A8C-0A0C652C10A2}.Release|Any CPU.ActiveCfg = Release|Any CPU
		{FC75FA00-B90D-4DAF-8A8C-0A0C652C10A2}.Release|Any CPU.Build.0 = Release|Any CPU
		{0AA2BA69-B547-4886-A776-B6C52A87BE9B}.Debug|Any CPU.ActiveCfg = Debug|Any CPU
		{0AA2BA69-B547-4886-A776-B6C52A87BE9B}.Debug|Any CPU.Build.0 = Debug|Any CPU
		{0AA2BA69-B547-4886-A776-B6C52A87BE9B}.Release|Any CPU.ActiveCfg = Release|Any CPU
		{0AA2BA69-B547-4886-A776-B6C52A87BE9B}.Release|Any CPU.Build.0 = Release|Any CPU
		{E007527A-B745-46C8-85DF-DC0DD97D238D}.Debug|Any CPU.ActiveCfg = Debug|Any CPU
		{E007527A-B745-46C8-85DF-DC0DD97D238D}.Debug|Any CPU.Build.0 = Debug|Any CPU
		{E007527A-B745-46C8-85DF-DC0DD97D238D}.Release|Any CPU.ActiveCfg = Release|Any CPU
		{E007527A-B745-46C8-85DF-DC0DD97D238D}.Release|Any CPU.Build.0 = Release|Any CPU
		{ADD5F86F-D3E9-4A79-BF5B-C98665BD5C15}.Debug|Any CPU.ActiveCfg = Debug|Any CPU
		{ADD5F86F-D3E9-4A79-BF5B-C98665BD5C15}.Debug|Any CPU.Build.0 = Debug|Any CPU
		{ADD5F86F-D3E9-4A79-BF5B-C98665BD5C15}.Release|Any CPU.ActiveCfg = Release|Any CPU
		{ADD5F86F-D3E9-4A79-BF5B-C98665BD5C15}.Release|Any CPU.Build.0 = Release|Any CPU
		{2B905B2B-7B60-4289-A6A1-CD748F3CB320}.Debug|Any CPU.ActiveCfg = Debug|Any CPU
		{2B905B2B-7B60-4289-A6A1-CD748F3CB320}.Debug|Any CPU.Build.0 = Debug|Any CPU
		{2B905B2B-7B60-4289-A6A1-CD748F3CB320}.Release|Any CPU.ActiveCfg = Release|Any CPU
		{2B905B2B-7B60-4289-A6A1-CD748F3CB320}.Release|Any CPU.Build.0 = Release|Any CPU
		{5F2BFD98-FB56-452F-909D-0D77F7ECFC71}.Debug|Any CPU.ActiveCfg = Debug|Any CPU
		{5F2BFD98-FB56-452F-909D-0D77F7ECFC71}.Debug|Any CPU.Build.0 = Debug|Any CPU
		{5F2BFD98-FB56-452F-909D-0D77F7ECFC71}.Release|Any CPU.ActiveCfg = Release|Any CPU
		{5F2BFD98-FB56-452F-909D-0D77F7ECFC71}.Release|Any CPU.Build.0 = Release|Any CPU
		{7D3E7E76-151E-4282-AAA9-D60C52D7B5B8}.Debug|Any CPU.ActiveCfg = Debug|Any CPU
		{7D3E7E76-151E-4282-AAA9-D60C52D7B5B8}.Debug|Any CPU.Build.0 = Debug|Any CPU
		{7D3E7E76-151E-4282-AAA9-D60C52D7B5B8}.Release|Any CPU.ActiveCfg = Release|Any CPU
		{7D3E7E76-151E-4282-AAA9-D60C52D7B5B8}.Release|Any CPU.Build.0 = Release|Any CPU
		{0893FD9C-5B51-4BCA-9120-46A95A03ACA9}.Debug|Any CPU.ActiveCfg = Debug|Any CPU
		{0893FD9C-5B51-4BCA-9120-46A95A03ACA9}.Debug|Any CPU.Build.0 = Debug|Any CPU
		{0893FD9C-5B51-4BCA-9120-46A95A03ACA9}.Release|Any CPU.ActiveCfg = Release|Any CPU
		{0893FD9C-5B51-4BCA-9120-46A95A03ACA9}.Release|Any CPU.Build.0 = Release|Any CPU
		{AB00EC33-D82F-454B-8A1E-4DACC7347947}.Debug|Any CPU.ActiveCfg = Debug|Any CPU
		{AB00EC33-D82F-454B-8A1E-4DACC7347947}.Debug|Any CPU.Build.0 = Debug|Any CPU
		{AB00EC33-D82F-454B-8A1E-4DACC7347947}.Release|Any CPU.ActiveCfg = Release|Any CPU
		{AB00EC33-D82F-454B-8A1E-4DACC7347947}.Release|Any CPU.Build.0 = Release|Any CPU
	EndGlobalSection
	GlobalSection(SolutionProperties) = preSolution
		HideSolutionNode = FALSE
	EndGlobalSection
	GlobalSection(NestedProjects) = preSolution
		{BE44A7BB-4F24-4263-B7C4-077AB6D32A12} = {75E52D8E-7D93-4D6E-BCE9-FF35C02969EB}
		{3D0854A7-A2DC-4C06-9FE8-257AD8F00DD2} = {75E52D8E-7D93-4D6E-BCE9-FF35C02969EB}
		{FC75FA00-B90D-4DAF-8A8C-0A0C652C10A2} = {2599641C-8EA3-41F9-8687-7DAA8D4AD5DA}
		{0AA2BA69-B547-4886-A776-B6C52A87BE9B} = {2599641C-8EA3-41F9-8687-7DAA8D4AD5DA}
		{E007527A-B745-46C8-85DF-DC0DD97D238D} = {2599641C-8EA3-41F9-8687-7DAA8D4AD5DA}
		{ADD5F86F-D3E9-4A79-BF5B-C98665BD5C15} = {2599641C-8EA3-41F9-8687-7DAA8D4AD5DA}
		{2B905B2B-7B60-4289-A6A1-CD748F3CB320} = {40BF65D3-F94E-45AB-A9C4-5FB03FADDCEB}
		{072F12B0-81A4-4BC9-940C-FFAA16E179B2} = {7A5A13D7-6AAB-4076-97D1-6FB21E045615}
		{5F2BFD98-FB56-452F-909D-0D77F7ECFC71} = {072F12B0-81A4-4BC9-940C-FFAA16E179B2}
		{3125B5D6-FE54-4E26-B8BC-F3DC3985DFFA} = {7A5A13D7-6AAB-4076-97D1-6FB21E045615}
		{7D3E7E76-151E-4282-AAA9-D60C52D7B5B8} = {3125B5D6-FE54-4E26-B8BC-F3DC3985DFFA}
		{0893FD9C-5B51-4BCA-9120-46A95A03ACA9} = {7A5A13D7-6AAB-4076-97D1-6FB21E045615}
		{04CC39D3-585C-4ED7-A0EB-1D0E67DEE16A} = {7A5A13D7-6AAB-4076-97D1-6FB21E045615}
		{AB00EC33-D82F-454B-8A1E-4DACC7347947} = {04CC39D3-585C-4ED7-A0EB-1D0E67DEE16A}
	EndGlobalSection
	GlobalSection(ExtensibilityGlobals) = postSolution
		SolutionGuid = {2E4261BB-E228-45EE-8B97-B915C19C8A4F}
	EndGlobalSection
EndGlobal
