
Microsoft Visual Studio Solution File, Format Version 12.00
# Visual Studio Version 17
VisualStudioVersion = 17.2.32616.157
MinimumVisualStudioVersion = 10.0.40219.1
Project("{9A19103F-16F7-4668-BE54-9A1E7A4F7556}") = "Fast.Web", "Fast.Web\Fast.Web.csproj", "{3A455085-466D-4D29-963B-F26ED63BB948}"
EndProject
Project("{2150E333-8FDC-42A3-9474-1A3956D46DE8}") = "Infrastructure", "Infrastructure", "{7A1024A0-792F-49A2-94E7-DDB658454DBB}"
EndProject
Project("{9A19103F-16F7-4668-BE54-9A1E7A4F7556}") = "Fast.Iaas", "Infrastructure\Fast.Iaas\Fast.Iaas.csproj", "{0C46AEEE-1C6A-491C-AFF0-A4F82A830989}"
EndProject
Project("{2150E333-8FDC-42A3-9474-1A3956D46DE8}") = "Extend", "Extend", "{155397A5-6518-4285-9BAC-C7EEB352559E}"
EndProject
Project("{FAE04EC0-301F-11D3-BF4B-00C04F79EFBC}") = "Fast.Excel", "Extend\Fast.Excel\Fast.Excel.csproj", "{6037466A-2462-43EB-9FBA-7D9B8C9514DC}"
EndProject
Project("{FAE04EC0-301F-11D3-BF4B-00C04F79EFBC}") = "Fast.Cache", "Extend\Fast.Cache\Fast.Cache.csproj", "{AC82E1A3-F1D9-4EE3-BA8D-01C636BCE791}"
EndProject
Project("{FAE04EC0-301F-11D3-BF4B-00C04F79EFBC}") = "Fast.RequestLimit", "Extend\Fast.RequestLimit\Fast.RequestLimit.csproj", "{42E4D04C-6548-49C0-94A8-0894C1EE089F}"
EndProject
Project("{FAE04EC0-301F-11D3-BF4B-00C04F79EFBC}") = "Fast.SqlSugar", "Extend\Fast.SqlSugar\Fast.SqlSugar.csproj", "{B7B49A85-204B-49F8-AD91-1EB5669BFF41}"
EndProject
Project("{FAE04EC0-301F-11D3-BF4B-00C04F79EFBC}") = "Fast.Restful", "Extend\Fast.Restful\Fast.Restful.csproj", "{9EE708F2-4699-44B0-8889-16BAFA510488}"
EndProject
Project("{9A19103F-16F7-4668-BE54-9A1E7A4F7556}") = "Fast.Core", "Fast.Core\Fast.Core.csproj", "{858860C2-F46E-41D0-A8CD-70D7BBFE1237}"
EndProject
Project("{9A19103F-16F7-4668-BE54-9A1E7A4F7556}") = "Fast.Scheduler", "Fast.Scheduler\Fast.Scheduler.csproj", "{94F0C64A-26B3-4717-9AFF-1E197518932F}"
EndProject
Project("{9A19103F-16F7-4668-BE54-9A1E7A4F7556}") = "Fast.Application", "Fast.Application\Fast.Application.csproj", "{6AFF9DB0-09ED-463A-A76C-A0264246AB30}"
EndProject
Project("{9A19103F-16F7-4668-BE54-9A1E7A4F7556}") = "Fast.Model", "Fast.Model\Fast.Model.csproj", "{C973229E-4D0B-4AA9-91C6-3E2D459C82E3}"
EndProject
Global
	GlobalSection(SolutionConfigurationPlatforms) = preSolution
		Debug|Any CPU = Debug|Any CPU
		Release|Any CPU = Release|Any CPU
	EndGlobalSection
	GlobalSection(ProjectConfigurationPlatforms) = postSolution
		{3A455085-466D-4D29-963B-F26ED63BB948}.Debug|Any CPU.ActiveCfg = Debug|Any CPU
		{3A455085-466D-4D29-963B-F26ED63BB948}.Debug|Any CPU.Build.0 = Debug|Any CPU
		{3A455085-466D-4D29-963B-F26ED63BB948}.Release|Any CPU.ActiveCfg = Release|Any CPU
		{3A455085-466D-4D29-963B-F26ED63BB948}.Release|Any CPU.Build.0 = Release|Any CPU
		{0C46AEEE-1C6A-491C-AFF0-A4F82A830989}.Debug|Any CPU.ActiveCfg = Debug|Any CPU
		{0C46AEEE-1C6A-491C-AFF0-A4F82A830989}.Debug|Any CPU.Build.0 = Debug|Any CPU
		{0C46AEEE-1C6A-491C-AFF0-A4F82A830989}.Release|Any CPU.ActiveCfg = Release|Any CPU
		{0C46AEEE-1C6A-491C-AFF0-A4F82A830989}.Release|Any CPU.Build.0 = Release|Any CPU
		{858860C2-F46E-41D0-A8CD-70D7BBFE1237}.Debug|Any CPU.ActiveCfg = Debug|Any CPU
		{858860C2-F46E-41D0-A8CD-70D7BBFE1237}.Debug|Any CPU.Build.0 = Debug|Any CPU
		{858860C2-F46E-41D0-A8CD-70D7BBFE1237}.Release|Any CPU.ActiveCfg = Release|Any CPU
		{858860C2-F46E-41D0-A8CD-70D7BBFE1237}.Release|Any CPU.Build.0 = Release|Any CPU
		{94F0C64A-26B3-4717-9AFF-1E197518932F}.Debug|Any CPU.ActiveCfg = Debug|Any CPU
		{94F0C64A-26B3-4717-9AFF-1E197518932F}.Debug|Any CPU.Build.0 = Debug|Any CPU
		{94F0C64A-26B3-4717-9AFF-1E197518932F}.Release|Any CPU.ActiveCfg = Release|Any CPU
		{94F0C64A-26B3-4717-9AFF-1E197518932F}.Release|Any CPU.Build.0 = Release|Any CPU
		{6AFF9DB0-09ED-463A-A76C-A0264246AB30}.Debug|Any CPU.ActiveCfg = Debug|Any CPU
		{6AFF9DB0-09ED-463A-A76C-A0264246AB30}.Debug|Any CPU.Build.0 = Debug|Any CPU
		{6AFF9DB0-09ED-463A-A76C-A0264246AB30}.Release|Any CPU.ActiveCfg = Release|Any CPU
		{6AFF9DB0-09ED-463A-A76C-A0264246AB30}.Release|Any CPU.Build.0 = Release|Any CPU
		{C973229E-4D0B-4AA9-91C6-3E2D459C82E3}.Debug|Any CPU.ActiveCfg = Debug|Any CPU
		{C973229E-4D0B-4AA9-91C6-3E2D459C82E3}.Debug|Any CPU.Build.0 = Debug|Any CPU
		{C973229E-4D0B-4AA9-91C6-3E2D459C82E3}.Release|Any CPU.ActiveCfg = Release|Any CPU
		{C973229E-4D0B-4AA9-91C6-3E2D459C82E3}.Release|Any CPU.Build.0 = Release|Any CPU
		{B7B49A85-204B-49F8-AD91-1EB5669BFF41}.Debug|Any CPU.ActiveCfg = Debug|Any CPU
		{B7B49A85-204B-49F8-AD91-1EB5669BFF41}.Debug|Any CPU.Build.0 = Debug|Any CPU
		{B7B49A85-204B-49F8-AD91-1EB5669BFF41}.Release|Any CPU.ActiveCfg = Release|Any CPU
		{B7B49A85-204B-49F8-AD91-1EB5669BFF41}.Release|Any CPU.Build.0 = Release|Any CPU
		{AC82E1A3-F1D9-4EE3-BA8D-01C636BCE791}.Debug|Any CPU.ActiveCfg = Debug|Any CPU
		{AC82E1A3-F1D9-4EE3-BA8D-01C636BCE791}.Debug|Any CPU.Build.0 = Debug|Any CPU
		{AC82E1A3-F1D9-4EE3-BA8D-01C636BCE791}.Release|Any CPU.ActiveCfg = Release|Any CPU
		{AC82E1A3-F1D9-4EE3-BA8D-01C636BCE791}.Release|Any CPU.Build.0 = Release|Any CPU
		{6037466A-2462-43EB-9FBA-7D9B8C9514DC}.Debug|Any CPU.ActiveCfg = Debug|Any CPU
		{6037466A-2462-43EB-9FBA-7D9B8C9514DC}.Debug|Any CPU.Build.0 = Debug|Any CPU
		{6037466A-2462-43EB-9FBA-7D9B8C9514DC}.Release|Any CPU.ActiveCfg = Release|Any CPU
		{6037466A-2462-43EB-9FBA-7D9B8C9514DC}.Release|Any CPU.Build.0 = Release|Any CPU
		{9EE708F2-4699-44B0-8889-16BAFA510488}.Debug|Any CPU.ActiveCfg = Debug|Any CPU
		{9EE708F2-4699-44B0-8889-16BAFA510488}.Debug|Any CPU.Build.0 = Debug|Any CPU
		{9EE708F2-4699-44B0-8889-16BAFA510488}.Release|Any CPU.ActiveCfg = Release|Any CPU
		{9EE708F2-4699-44B0-8889-16BAFA510488}.Release|Any CPU.Build.0 = Release|Any CPU
		{42E4D04C-6548-49C0-94A8-0894C1EE089F}.Debug|Any CPU.ActiveCfg = Debug|Any CPU
		{42E4D04C-6548-49C0-94A8-0894C1EE089F}.Debug|Any CPU.Build.0 = Debug|Any CPU
		{42E4D04C-6548-49C0-94A8-0894C1EE089F}.Release|Any CPU.ActiveCfg = Release|Any CPU
		{42E4D04C-6548-49C0-94A8-0894C1EE089F}.Release|Any CPU.Build.0 = Release|Any CPU
	EndGlobalSection
	GlobalSection(SolutionProperties) = preSolution
		HideSolutionNode = FALSE
	EndGlobalSection
	GlobalSection(NestedProjects) = preSolution
		{0C46AEEE-1C6A-491C-AFF0-A4F82A830989} = {7A1024A0-792F-49A2-94E7-DDB658454DBB}
		{B7B49A85-204B-49F8-AD91-1EB5669BFF41} = {155397A5-6518-4285-9BAC-C7EEB352559E}
		{AC82E1A3-F1D9-4EE3-BA8D-01C636BCE791} = {155397A5-6518-4285-9BAC-C7EEB352559E}
		{6037466A-2462-43EB-9FBA-7D9B8C9514DC} = {155397A5-6518-4285-9BAC-C7EEB352559E}
		{9EE708F2-4699-44B0-8889-16BAFA510488} = {155397A5-6518-4285-9BAC-C7EEB352559E}
		{42E4D04C-6548-49C0-94A8-0894C1EE089F} = {155397A5-6518-4285-9BAC-C7EEB352559E}
	EndGlobalSection
	GlobalSection(ExtensibilityGlobals) = postSolution
		SolutionGuid = {2E4261BB-E228-45EE-8B97-B915C19C8A4F}
	EndGlobalSection
EndGlobal
